
Microsoft Visual Studio Solution File, Format Version 12.00
# Visual Studio Version 16
VisualStudioVersion = 16.0.30907.101
MinimumVisualStudioVersion = 10.0.40219.1
Project("{2150E333-8FDC-42A3-9474-1A3956D46DE8}") = "Services", "Services", "{42CC834E-529A-4137-83B4-B6BE8900B748}"
EndProject
Project("{2150E333-8FDC-42A3-9474-1A3956D46DE8}") = "Catalog", "Catalog", "{9EBF8123-42D4-4F3E-A165-E0177DEBACB7}"
EndProject
Project("{9A19103F-16F7-4668-BE54-9A1E7A4F7556}") = "Catalog.API", "Services\Catalog\Catalog.API\Catalog.API.csproj", "{7233BDB9-CE25-442D-95B1-5487383CA1DC}"
EndProject
Project("{E53339B2-1760-4266-BCC7-CA923CBCF16C}") = "docker-compose", "docker-compose.dcproj", "{13548266-6AB3-4ECC-9E8B-AFEB3A6545B0}"
EndProject
Project("{2150E333-8FDC-42A3-9474-1A3956D46DE8}") = "Basket", "Basket", "{8FCC0859-4B8F-4331-869A-AB5F70838089}"
EndProject
Project("{9A19103F-16F7-4668-BE54-9A1E7A4F7556}") = "Basket.API", "Services\Basket\Basket.API\Basket.API.csproj", "{6550A7EE-7DF9-4CF3-884F-0B289F0FFFAD}"
EndProject
Project("{2150E333-8FDC-42A3-9474-1A3956D46DE8}") = "Discount", "Discount", "{FBF66817-3524-4AF6-A8DD-34AE45A41A2B}"
EndProject
Project("{9A19103F-16F7-4668-BE54-9A1E7A4F7556}") = "Discount.API", "Services\Discount\Discount.API\Discount.API.csproj", "{005C3DF4-5546-4538-A5E1-E044861B123C}"
EndProject
Project("{9A19103F-16F7-4668-BE54-9A1E7A4F7556}") = "Discount.gRPC", "Services\Discount\Discount.gRPC\Discount.gRPC.csproj", "{2325DAF0-D752-4DFD-93C5-CF03F371A141}"
EndProject
Project("{2150E333-8FDC-42A3-9474-1A3956D46DE8}") = "Ordering", "Ordering", "{FB71D7E2-4753-4199-BCC6-CC5498498DB4}"
EndProject
Project("{FAE04EC0-301F-11D3-BF4B-00C04F79EFBC}") = "Ordering.API", "Services\Ordering\Ordering.API\Ordering.API.csproj", "{EA30494F-F186-475F-9733-6D755674B024}"
EndProject
Project("{FAE04EC0-301F-11D3-BF4B-00C04F79EFBC}") = "Ordering.Domain", "Services\Ordering\Ordering.Domain\Ordering.Domain.csproj", "{00D5032F-DAC8-4ACD-8B6C-E7B391DDD011}"
EndProject
Project("{FAE04EC0-301F-11D3-BF4B-00C04F79EFBC}") = "Ordering.Infrastructure", "Services\Ordering\Ordering.Infrastructure\Ordering.Infrastructure.csproj", "{1B3EC6A1-B5BC-44C5-93B7-F4BC744705D0}"
EndProject
Project("{FAE04EC0-301F-11D3-BF4B-00C04F79EFBC}") = "Ordering.Application", "Services\Ordering\Ordering.Application\Ordering.Application.csproj", "{93B80B23-23D6-49F5-97E9-2055679A08E1}"
EndProject
Global
	GlobalSection(SolutionConfigurationPlatforms) = preSolution
		Debug|Any CPU = Debug|Any CPU
		Release|Any CPU = Release|Any CPU
	EndGlobalSection
	GlobalSection(ProjectConfigurationPlatforms) = postSolution
		{7233BDB9-CE25-442D-95B1-5487383CA1DC}.Debug|Any CPU.ActiveCfg = Debug|Any CPU
		{7233BDB9-CE25-442D-95B1-5487383CA1DC}.Debug|Any CPU.Build.0 = Debug|Any CPU
		{7233BDB9-CE25-442D-95B1-5487383CA1DC}.Release|Any CPU.ActiveCfg = Release|Any CPU
		{7233BDB9-CE25-442D-95B1-5487383CA1DC}.Release|Any CPU.Build.0 = Release|Any CPU
		{13548266-6AB3-4ECC-9E8B-AFEB3A6545B0}.Debug|Any CPU.ActiveCfg = Debug|Any CPU
		{13548266-6AB3-4ECC-9E8B-AFEB3A6545B0}.Debug|Any CPU.Build.0 = Debug|Any CPU
		{13548266-6AB3-4ECC-9E8B-AFEB3A6545B0}.Release|Any CPU.ActiveCfg = Release|Any CPU
		{13548266-6AB3-4ECC-9E8B-AFEB3A6545B0}.Release|Any CPU.Build.0 = Release|Any CPU
		{6550A7EE-7DF9-4CF3-884F-0B289F0FFFAD}.Debug|Any CPU.ActiveCfg = Debug|Any CPU
		{6550A7EE-7DF9-4CF3-884F-0B289F0FFFAD}.Debug|Any CPU.Build.0 = Debug|Any CPU
		{6550A7EE-7DF9-4CF3-884F-0B289F0FFFAD}.Release|Any CPU.ActiveCfg = Release|Any CPU
		{6550A7EE-7DF9-4CF3-884F-0B289F0FFFAD}.Release|Any CPU.Build.0 = Release|Any CPU
		{005C3DF4-5546-4538-A5E1-E044861B123C}.Debug|Any CPU.ActiveCfg = Debug|Any CPU
		{005C3DF4-5546-4538-A5E1-E044861B123C}.Debug|Any CPU.Build.0 = Debug|Any CPU
		{005C3DF4-5546-4538-A5E1-E044861B123C}.Release|Any CPU.ActiveCfg = Release|Any CPU
		{005C3DF4-5546-4538-A5E1-E044861B123C}.Release|Any CPU.Build.0 = Release|Any CPU
		{2325DAF0-D752-4DFD-93C5-CF03F371A141}.Debug|Any CPU.ActiveCfg = Debug|Any CPU
		{2325DAF0-D752-4DFD-93C5-CF03F371A141}.Debug|Any CPU.Build.0 = Debug|Any CPU
		{2325DAF0-D752-4DFD-93C5-CF03F371A141}.Release|Any CPU.ActiveCfg = Release|Any CPU
		{2325DAF0-D752-4DFD-93C5-CF03F371A141}.Release|Any CPU.Build.0 = Release|Any CPU
		{EA30494F-F186-475F-9733-6D755674B024}.Debug|Any CPU.ActiveCfg = Debug|Any CPU
		{EA30494F-F186-475F-9733-6D755674B024}.Debug|Any CPU.Build.0 = Debug|Any CPU
		{EA30494F-F186-475F-9733-6D755674B024}.Release|Any CPU.ActiveCfg = Release|Any CPU
		{EA30494F-F186-475F-9733-6D755674B024}.Release|Any CPU.Build.0 = Release|Any CPU
		{00D5032F-DAC8-4ACD-8B6C-E7B391DDD011}.Debug|Any CPU.ActiveCfg = Debug|Any CPU
		{00D5032F-DAC8-4ACD-8B6C-E7B391DDD011}.Debug|Any CPU.Build.0 = Debug|Any CPU
		{00D5032F-DAC8-4ACD-8B6C-E7B391DDD011}.Release|Any CPU.ActiveCfg = Release|Any CPU
		{00D5032F-DAC8-4ACD-8B6C-E7B391DDD011}.Release|Any CPU.Build.0 = Release|Any CPU
		{1B3EC6A1-B5BC-44C5-93B7-F4BC744705D0}.Debug|Any CPU.ActiveCfg = Debug|Any CPU
		{1B3EC6A1-B5BC-44C5-93B7-F4BC744705D0}.Debug|Any CPU.Build.0 = Debug|Any CPU
		{1B3EC6A1-B5BC-44C5-93B7-F4BC744705D0}.Release|Any CPU.ActiveCfg = Release|Any CPU
		{1B3EC6A1-B5BC-44C5-93B7-F4BC744705D0}.Release|Any CPU.Build.0 = Release|Any CPU
		{93B80B23-23D6-49F5-97E9-2055679A08E1}.Debug|Any CPU.ActiveCfg = Debug|Any CPU
		{93B80B23-23D6-49F5-97E9-2055679A08E1}.Debug|Any CPU.Build.0 = Debug|Any CPU
		{93B80B23-23D6-49F5-97E9-2055679A08E1}.Release|Any CPU.ActiveCfg = Release|Any CPU
		{93B80B23-23D6-49F5-97E9-2055679A08E1}.Release|Any CPU.Build.0 = Release|Any CPU
	EndGlobalSection
	GlobalSection(SolutionProperties) = preSolution
		HideSolutionNode = FALSE
	EndGlobalSection
	GlobalSection(NestedProjects) = preSolution
		{9EBF8123-42D4-4F3E-A165-E0177DEBACB7} = {42CC834E-529A-4137-83B4-B6BE8900B748}
		{7233BDB9-CE25-442D-95B1-5487383CA1DC} = {9EBF8123-42D4-4F3E-A165-E0177DEBACB7}
		{8FCC0859-4B8F-4331-869A-AB5F70838089} = {42CC834E-529A-4137-83B4-B6BE8900B748}
		{6550A7EE-7DF9-4CF3-884F-0B289F0FFFAD} = {8FCC0859-4B8F-4331-869A-AB5F70838089}
		{FBF66817-3524-4AF6-A8DD-34AE45A41A2B} = {42CC834E-529A-4137-83B4-B6BE8900B748}
		{005C3DF4-5546-4538-A5E1-E044861B123C} = {FBF66817-3524-4AF6-A8DD-34AE45A41A2B}
		{2325DAF0-D752-4DFD-93C5-CF03F371A141} = {FBF66817-3524-4AF6-A8DD-34AE45A41A2B}
		{FB71D7E2-4753-4199-BCC6-CC5498498DB4} = {42CC834E-529A-4137-83B4-B6BE8900B748}
		{EA30494F-F186-475F-9733-6D755674B024} = {FB71D7E2-4753-4199-BCC6-CC5498498DB4}
		{00D5032F-DAC8-4ACD-8B6C-E7B391DDD011} = {FB71D7E2-4753-4199-BCC6-CC5498498DB4}
		{1B3EC6A1-B5BC-44C5-93B7-F4BC744705D0} = {FB71D7E2-4753-4199-BCC6-CC5498498DB4}
		{93B80B23-23D6-49F5-97E9-2055679A08E1} = {FB71D7E2-4753-4199-BCC6-CC5498498DB4}
	EndGlobalSection
	GlobalSection(ExtensibilityGlobals) = postSolution
		SolutionGuid = {7B7BBDCD-E522-4FCF-8B36-BFD15A1DE1BA}
	EndGlobalSection
EndGlobal
